
Microsoft Visual Studio Solution File, Format Version 12.00
# Visual Studio Version 17
VisualStudioVersion = 17.14.36121.58
MinimumVisualStudioVersion = 10.0.40219.1
Project("{8BC9CEB8-8B4A-11D0-8D11-00A0C91BC942}") = "01_OT", "1_OT\1_OT.vcxproj", "{E00ED645-D732-41F0-96BB-CE0FAF808752}"
EndProject
Project("{8BC9CEB8-8B4A-11D0-8D11-00A0C91BC942}") = "02_자료형과 변수", "2_자료형과 변수\2_자료형과 변수.vcxproj", "{97F0B188-0092-45A9-A20D-22FAD06E3E61}"
EndProject
Project("{8BC9CEB8-8B4A-11D0-8D11-00A0C91BC942}") = "03_디버깅", "3_디버깅\3_디버깅.vcxproj", "{ACB7F241-1644-4A98-8D6F-0B3E35516E73}"
EndProject
Project("{8BC9CEB8-8B4A-11D0-8D11-00A0C91BC942}") = "04_전처리기와 링킹과정", "4_전처리기와 링킹과정\4_전처리기와 링킹과정.vcxproj", "{0B56A47C-1EB3-4227-8F39-1FB431253898}"
EndProject
Project("{8BC9CEB8-8B4A-11D0-8D11-00A0C91BC942}") = "05_기본 자료형", "5_기본 자료형\5_기본 자료형.vcxproj", "{A617E06D-90AD-4796-80B2-461EB53D6323}"
EndProject
Project("{8BC9CEB8-8B4A-11D0-8D11-00A0C91BC942}") = "06_코드의 흐름 제어 프로젝트 생성", "6_코드의 흐름 제어 프로젝트 생성\6_코드의 흐름 제어 프로젝트 생성.vcxproj", "{68340D1C-0DE1-4D56-B085-3BF9C308EB0B}"
EndProject
Project("{8BC9CEB8-8B4A-11D0-8D11-00A0C91BC942}") = "07_반복문", "7_반복문\7_반복문.vcxproj", "{254BAB5A-0B4A-4CA3-BFD0-EE263D416921}"
EndProject
Project("{8BC9CEB8-8B4A-11D0-8D11-00A0C91BC942}") = "07_반복문 연습", "7_반복문 연습\7_반복문 연습.vcxproj", "{AF0E1850-B9A5-41F0-882A-7EAA34DDB215}"
EndProject
Project("{8BC9CEB8-8B4A-11D0-8D11-00A0C91BC942}") = "08_함수의 선언 및 사용", "8_함수의 선언 및 사용\8_함수의 선언 및 사용.vcxproj", "{18044738-8DF0-47D8-8919-F1C727535D25}"
EndProject
Project("{8BC9CEB8-8B4A-11D0-8D11-00A0C91BC942}") = "09_코드의 범위", "9_코드의 범위\9_코드의 범위.vcxproj", "{E20E3424-48DD-4298-B3B0-22F9FC9B3E72}"
EndProject
Project("{8BC9CEB8-8B4A-11D0-8D11-00A0C91BC942}") = "10_상수와 열거형 사용", "10_상수와 열거형 사용\10_상수와 열거형 사용.vcxproj", "{7F58CA39-2848-48F4-B3E8-1E12B0C14D74}"
EndProject
Project("{8BC9CEB8-8B4A-11D0-8D11-00A0C91BC942}") = "11_자료형과 배열", "11_자료형과 배열\11_자료형과 배열.vcxproj", "{A8242500-7D0B-486B-A68E-1424F473AF52}"
EndProject
Project("{8BC9CEB8-8B4A-11D0-8D11-00A0C91BC942}") = "12_이차원 배열", "12_이차원 배열\12_이차원 배열.vcxproj", "{BB2327D9-226D-4E27-A68B-3207B870EC39}"
EndProject
Project("{8BC9CEB8-8B4A-11D0-8D11-00A0C91BC942}") = "13_포인터에 대한 이해", "13_포인터에 대한 이해\13_포인터에 대한 이해.vcxproj", "{6AB82D1D-CE77-42AC-8F80-5F117127E68F}"
EndProject
Project("{8BC9CEB8-8B4A-11D0-8D11-00A0C91BC942}") = "99_Practice", "100_Practice\100_Practice.vcxproj", "{78A8D689-E333-4263-8089-7650314AF201}"
EndProject
Project("{8BC9CEB8-8B4A-11D0-8D11-00A0C91BC942}") = "14_상수 포인터와 상수 지시 포인터", "14_상수 포인터와 상수 지시 포인터\14_상수 포인터와 상수 지시 포인터.vcxproj", "{036D7FD9-B44F-40F9-B58C-1CEDF8BAF14C}"
EndProject
Project("{8BC9CEB8-8B4A-11D0-8D11-00A0C91BC942}") = "15_포인터와 배열에 대한 이해", "15_포인터와 배열에 대한 이해\15_포인터와 배열에 대한 이해.vcxproj", "{56F382D7-8FC8-4152-B978-AF55D7A3DFAD}"
EndProject
Project("{8BC9CEB8-8B4A-11D0-8D11-00A0C91BC942}") = "16_구조체와 열거형", "16_구조체와 열거형\16_구조체와 열거형.vcxproj", "{02EE915B-88A9-4708-B8CF-62C9EA17F4AA}"
EndProject
Project("{8BC9CEB8-8B4A-11D0-8D11-00A0C91BC942}") = "98_MakingGame", "98_MakingGame\98_MakingGame.vcxproj", "{3E5767A4-DC01-41FA-A02E-A573498E1AE7}"
EndProject
Project("{8BC9CEB8-8B4A-11D0-8D11-00A0C91BC942}") = "17_구조체에 대한 이해", "17_구조체에 대한 이해\17_구조체에 대한 이해.vcxproj", "{415D5244-C424-406F-98F8-E99AB63E434C}"
EndProject
Project("{8BC9CEB8-8B4A-11D0-8D11-00A0C91BC942}") = "18_ToyProject", "18_ToyProject\18_ToyProject.vcxproj", "{FBCE6549-00F8-4338-B26C-C00AA4D1CAA0}"
EndProject
Global
	GlobalSection(SolutionConfigurationPlatforms) = preSolution
		Debug|x64 = Debug|x64
		Debug|x86 = Debug|x86
		Release|x64 = Release|x64
		Release|x86 = Release|x86
	EndGlobalSection
	GlobalSection(ProjectConfigurationPlatforms) = postSolution
		{E00ED645-D732-41F0-96BB-CE0FAF808752}.Debug|x64.ActiveCfg = Debug|x64
		{E00ED645-D732-41F0-96BB-CE0FAF808752}.Debug|x64.Build.0 = Debug|x64
		{E00ED645-D732-41F0-96BB-CE0FAF808752}.Debug|x86.ActiveCfg = Debug|Win32
		{E00ED645-D732-41F0-96BB-CE0FAF808752}.Debug|x86.Build.0 = Debug|Win32
		{E00ED645-D732-41F0-96BB-CE0FAF808752}.Release|x64.ActiveCfg = Release|x64
		{E00ED645-D732-41F0-96BB-CE0FAF808752}.Release|x64.Build.0 = Release|x64
		{E00ED645-D732-41F0-96BB-CE0FAF808752}.Release|x86.ActiveCfg = Release|Win32
		{E00ED645-D732-41F0-96BB-CE0FAF808752}.Release|x86.Build.0 = Release|Win32
		{97F0B188-0092-45A9-A20D-22FAD06E3E61}.Debug|x64.ActiveCfg = Debug|x64
		{97F0B188-0092-45A9-A20D-22FAD06E3E61}.Debug|x64.Build.0 = Debug|x64
		{97F0B188-0092-45A9-A20D-22FAD06E3E61}.Debug|x86.ActiveCfg = Debug|Win32
		{97F0B188-0092-45A9-A20D-22FAD06E3E61}.Debug|x86.Build.0 = Debug|Win32
		{97F0B188-0092-45A9-A20D-22FAD06E3E61}.Release|x64.ActiveCfg = Release|x64
		{97F0B188-0092-45A9-A20D-22FAD06E3E61}.Release|x64.Build.0 = Release|x64
		{97F0B188-0092-45A9-A20D-22FAD06E3E61}.Release|x86.ActiveCfg = Release|Win32
		{97F0B188-0092-45A9-A20D-22FAD06E3E61}.Release|x86.Build.0 = Release|Win32
		{ACB7F241-1644-4A98-8D6F-0B3E35516E73}.Debug|x64.ActiveCfg = Debug|x64
		{ACB7F241-1644-4A98-8D6F-0B3E35516E73}.Debug|x64.Build.0 = Debug|x64
		{ACB7F241-1644-4A98-8D6F-0B3E35516E73}.Debug|x86.ActiveCfg = Debug|Win32
		{ACB7F241-1644-4A98-8D6F-0B3E35516E73}.Debug|x86.Build.0 = Debug|Win32
		{ACB7F241-1644-4A98-8D6F-0B3E35516E73}.Release|x64.ActiveCfg = Release|x64
		{ACB7F241-1644-4A98-8D6F-0B3E35516E73}.Release|x64.Build.0 = Release|x64
		{ACB7F241-1644-4A98-8D6F-0B3E35516E73}.Release|x86.ActiveCfg = Release|Win32
		{ACB7F241-1644-4A98-8D6F-0B3E35516E73}.Release|x86.Build.0 = Release|Win32
		{0B56A47C-1EB3-4227-8F39-1FB431253898}.Debug|x64.ActiveCfg = Debug|x64
		{0B56A47C-1EB3-4227-8F39-1FB431253898}.Debug|x64.Build.0 = Debug|x64
		{0B56A47C-1EB3-4227-8F39-1FB431253898}.Debug|x86.ActiveCfg = Debug|Win32
		{0B56A47C-1EB3-4227-8F39-1FB431253898}.Debug|x86.Build.0 = Debug|Win32
		{0B56A47C-1EB3-4227-8F39-1FB431253898}.Release|x64.ActiveCfg = Release|x64
		{0B56A47C-1EB3-4227-8F39-1FB431253898}.Release|x64.Build.0 = Release|x64
		{0B56A47C-1EB3-4227-8F39-1FB431253898}.Release|x86.ActiveCfg = Release|Win32
		{0B56A47C-1EB3-4227-8F39-1FB431253898}.Release|x86.Build.0 = Release|Win32
		{A617E06D-90AD-4796-80B2-461EB53D6323}.Debug|x64.ActiveCfg = Debug|x64
		{A617E06D-90AD-4796-80B2-461EB53D6323}.Debug|x64.Build.0 = Debug|x64
		{A617E06D-90AD-4796-80B2-461EB53D6323}.Debug|x86.ActiveCfg = Debug|Win32
		{A617E06D-90AD-4796-80B2-461EB53D6323}.Debug|x86.Build.0 = Debug|Win32
		{A617E06D-90AD-4796-80B2-461EB53D6323}.Release|x64.ActiveCfg = Release|x64
		{A617E06D-90AD-4796-80B2-461EB53D6323}.Release|x64.Build.0 = Release|x64
		{A617E06D-90AD-4796-80B2-461EB53D6323}.Release|x86.ActiveCfg = Release|Win32
		{A617E06D-90AD-4796-80B2-461EB53D6323}.Release|x86.Build.0 = Release|Win32
		{68340D1C-0DE1-4D56-B085-3BF9C308EB0B}.Debug|x64.ActiveCfg = Debug|x64
		{68340D1C-0DE1-4D56-B085-3BF9C308EB0B}.Debug|x64.Build.0 = Debug|x64
		{68340D1C-0DE1-4D56-B085-3BF9C308EB0B}.Debug|x86.ActiveCfg = Debug|Win32
		{68340D1C-0DE1-4D56-B085-3BF9C308EB0B}.Debug|x86.Build.0 = Debug|Win32
		{68340D1C-0DE1-4D56-B085-3BF9C308EB0B}.Release|x64.ActiveCfg = Release|x64
		{68340D1C-0DE1-4D56-B085-3BF9C308EB0B}.Release|x64.Build.0 = Release|x64
		{68340D1C-0DE1-4D56-B085-3BF9C308EB0B}.Release|x86.ActiveCfg = Release|Win32
		{68340D1C-0DE1-4D56-B085-3BF9C308EB0B}.Release|x86.Build.0 = Release|Win32
		{254BAB5A-0B4A-4CA3-BFD0-EE263D416921}.Debug|x64.ActiveCfg = Debug|x64
		{254BAB5A-0B4A-4CA3-BFD0-EE263D416921}.Debug|x64.Build.0 = Debug|x64
		{254BAB5A-0B4A-4CA3-BFD0-EE263D416921}.Debug|x86.ActiveCfg = Debug|Win32
		{254BAB5A-0B4A-4CA3-BFD0-EE263D416921}.Debug|x86.Build.0 = Debug|Win32
		{254BAB5A-0B4A-4CA3-BFD0-EE263D416921}.Release|x64.ActiveCfg = Release|x64
		{254BAB5A-0B4A-4CA3-BFD0-EE263D416921}.Release|x64.Build.0 = Release|x64
		{254BAB5A-0B4A-4CA3-BFD0-EE263D416921}.Release|x86.ActiveCfg = Release|Win32
		{254BAB5A-0B4A-4CA3-BFD0-EE263D416921}.Release|x86.Build.0 = Release|Win32
		{AF0E1850-B9A5-41F0-882A-7EAA34DDB215}.Debug|x64.ActiveCfg = Debug|x64
		{AF0E1850-B9A5-41F0-882A-7EAA34DDB215}.Debug|x64.Build.0 = Debug|x64
		{AF0E1850-B9A5-41F0-882A-7EAA34DDB215}.Debug|x86.ActiveCfg = Debug|Win32
		{AF0E1850-B9A5-41F0-882A-7EAA34DDB215}.Debug|x86.Build.0 = Debug|Win32
		{AF0E1850-B9A5-41F0-882A-7EAA34DDB215}.Release|x64.ActiveCfg = Release|x64
		{AF0E1850-B9A5-41F0-882A-7EAA34DDB215}.Release|x64.Build.0 = Release|x64
		{AF0E1850-B9A5-41F0-882A-7EAA34DDB215}.Release|x86.ActiveCfg = Release|Win32
		{AF0E1850-B9A5-41F0-882A-7EAA34DDB215}.Release|x86.Build.0 = Release|Win32
		{18044738-8DF0-47D8-8919-F1C727535D25}.Debug|x64.ActiveCfg = Debug|x64
		{18044738-8DF0-47D8-8919-F1C727535D25}.Debug|x64.Build.0 = Debug|x64
		{18044738-8DF0-47D8-8919-F1C727535D25}.Debug|x86.ActiveCfg = Debug|Win32
		{18044738-8DF0-47D8-8919-F1C727535D25}.Debug|x86.Build.0 = Debug|Win32
		{18044738-8DF0-47D8-8919-F1C727535D25}.Release|x64.ActiveCfg = Release|x64
		{18044738-8DF0-47D8-8919-F1C727535D25}.Release|x64.Build.0 = Release|x64
		{18044738-8DF0-47D8-8919-F1C727535D25}.Release|x86.ActiveCfg = Release|Win32
		{18044738-8DF0-47D8-8919-F1C727535D25}.Release|x86.Build.0 = Release|Win32
		{E20E3424-48DD-4298-B3B0-22F9FC9B3E72}.Debug|x64.ActiveCfg = Debug|x64
		{E20E3424-48DD-4298-B3B0-22F9FC9B3E72}.Debug|x64.Build.0 = Debug|x64
		{E20E3424-48DD-4298-B3B0-22F9FC9B3E72}.Debug|x86.ActiveCfg = Debug|Win32
		{E20E3424-48DD-4298-B3B0-22F9FC9B3E72}.Debug|x86.Build.0 = Debug|Win32
		{E20E3424-48DD-4298-B3B0-22F9FC9B3E72}.Release|x64.ActiveCfg = Release|x64
		{E20E3424-48DD-4298-B3B0-22F9FC9B3E72}.Release|x64.Build.0 = Release|x64
		{E20E3424-48DD-4298-B3B0-22F9FC9B3E72}.Release|x86.ActiveCfg = Release|Win32
		{E20E3424-48DD-4298-B3B0-22F9FC9B3E72}.Release|x86.Build.0 = Release|Win32
		{7F58CA39-2848-48F4-B3E8-1E12B0C14D74}.Debug|x64.ActiveCfg = Debug|x64
		{7F58CA39-2848-48F4-B3E8-1E12B0C14D74}.Debug|x64.Build.0 = Debug|x64
		{7F58CA39-2848-48F4-B3E8-1E12B0C14D74}.Debug|x86.ActiveCfg = Debug|Win32
		{7F58CA39-2848-48F4-B3E8-1E12B0C14D74}.Debug|x86.Build.0 = Debug|Win32
		{7F58CA39-2848-48F4-B3E8-1E12B0C14D74}.Release|x64.ActiveCfg = Release|x64
		{7F58CA39-2848-48F4-B3E8-1E12B0C14D74}.Release|x64.Build.0 = Release|x64
		{7F58CA39-2848-48F4-B3E8-1E12B0C14D74}.Release|x86.ActiveCfg = Release|Win32
		{7F58CA39-2848-48F4-B3E8-1E12B0C14D74}.Release|x86.Build.0 = Release|Win32
		{A8242500-7D0B-486B-A68E-1424F473AF52}.Debug|x64.ActiveCfg = Debug|x64
		{A8242500-7D0B-486B-A68E-1424F473AF52}.Debug|x64.Build.0 = Debug|x64
		{A8242500-7D0B-486B-A68E-1424F473AF52}.Debug|x86.ActiveCfg = Debug|Win32
		{A8242500-7D0B-486B-A68E-1424F473AF52}.Debug|x86.Build.0 = Debug|Win32
		{A8242500-7D0B-486B-A68E-1424F473AF52}.Release|x64.ActiveCfg = Release|x64
		{A8242500-7D0B-486B-A68E-1424F473AF52}.Release|x64.Build.0 = Release|x64
		{A8242500-7D0B-486B-A68E-1424F473AF52}.Release|x86.ActiveCfg = Release|Win32
		{A8242500-7D0B-486B-A68E-1424F473AF52}.Release|x86.Build.0 = Release|Win32
		{BB2327D9-226D-4E27-A68B-3207B870EC39}.Debug|x64.ActiveCfg = Debug|x64
		{BB2327D9-226D-4E27-A68B-3207B870EC39}.Debug|x64.Build.0 = Debug|x64
		{BB2327D9-226D-4E27-A68B-3207B870EC39}.Debug|x86.ActiveCfg = Debug|Win32
		{BB2327D9-226D-4E27-A68B-3207B870EC39}.Debug|x86.Build.0 = Debug|Win32
		{BB2327D9-226D-4E27-A68B-3207B870EC39}.Release|x64.ActiveCfg = Release|x64
		{BB2327D9-226D-4E27-A68B-3207B870EC39}.Release|x64.Build.0 = Release|x64
		{BB2327D9-226D-4E27-A68B-3207B870EC39}.Release|x86.ActiveCfg = Release|Win32
		{BB2327D9-226D-4E27-A68B-3207B870EC39}.Release|x86.Build.0 = Release|Win32
		{6AB82D1D-CE77-42AC-8F80-5F117127E68F}.Debug|x64.ActiveCfg = Debug|x64
		{6AB82D1D-CE77-42AC-8F80-5F117127E68F}.Debug|x64.Build.0 = Debug|x64
		{6AB82D1D-CE77-42AC-8F80-5F117127E68F}.Debug|x86.ActiveCfg = Debug|Win32
		{6AB82D1D-CE77-42AC-8F80-5F117127E68F}.Debug|x86.Build.0 = Debug|Win32
		{6AB82D1D-CE77-42AC-8F80-5F117127E68F}.Release|x64.ActiveCfg = Release|x64
		{6AB82D1D-CE77-42AC-8F80-5F117127E68F}.Release|x64.Build.0 = Release|x64
		{6AB82D1D-CE77-42AC-8F80-5F117127E68F}.Release|x86.ActiveCfg = Release|Win32
		{6AB82D1D-CE77-42AC-8F80-5F117127E68F}.Release|x86.Build.0 = Release|Win32
		{78A8D689-E333-4263-8089-7650314AF201}.Debug|x64.ActiveCfg = Debug|x64
		{78A8D689-E333-4263-8089-7650314AF201}.Debug|x64.Build.0 = Debug|x64
		{78A8D689-E333-4263-8089-7650314AF201}.Debug|x86.ActiveCfg = Debug|Win32
		{78A8D689-E333-4263-8089-7650314AF201}.Debug|x86.Build.0 = Debug|Win32
		{78A8D689-E333-4263-8089-7650314AF201}.Release|x64.ActiveCfg = Release|x64
		{78A8D689-E333-4263-8089-7650314AF201}.Release|x64.Build.0 = Release|x64
		{78A8D689-E333-4263-8089-7650314AF201}.Release|x86.ActiveCfg = Release|Win32
		{78A8D689-E333-4263-8089-7650314AF201}.Release|x86.Build.0 = Release|Win32
		{036D7FD9-B44F-40F9-B58C-1CEDF8BAF14C}.Debug|x64.ActiveCfg = Debug|x64
		{036D7FD9-B44F-40F9-B58C-1CEDF8BAF14C}.Debug|x64.Build.0 = Debug|x64
		{036D7FD9-B44F-40F9-B58C-1CEDF8BAF14C}.Debug|x86.ActiveCfg = Debug|Win32
		{036D7FD9-B44F-40F9-B58C-1CEDF8BAF14C}.Debug|x86.Build.0 = Debug|Win32
		{036D7FD9-B44F-40F9-B58C-1CEDF8BAF14C}.Release|x64.ActiveCfg = Release|x64
		{036D7FD9-B44F-40F9-B58C-1CEDF8BAF14C}.Release|x64.Build.0 = Release|x64
		{036D7FD9-B44F-40F9-B58C-1CEDF8BAF14C}.Release|x86.ActiveCfg = Release|Win32
		{036D7FD9-B44F-40F9-B58C-1CEDF8BAF14C}.Release|x86.Build.0 = Release|Win32
		{56F382D7-8FC8-4152-B978-AF55D7A3DFAD}.Debug|x64.ActiveCfg = Debug|x64
		{56F382D7-8FC8-4152-B978-AF55D7A3DFAD}.Debug|x64.Build.0 = Debug|x64
		{56F382D7-8FC8-4152-B978-AF55D7A3DFAD}.Debug|x86.ActiveCfg = Debug|Win32
		{56F382D7-8FC8-4152-B978-AF55D7A3DFAD}.Debug|x86.Build.0 = Debug|Win32
		{56F382D7-8FC8-4152-B978-AF55D7A3DFAD}.Release|x64.ActiveCfg = Release|x64
		{56F382D7-8FC8-4152-B978-AF55D7A3DFAD}.Release|x64.Build.0 = Release|x64
		{56F382D7-8FC8-4152-B978-AF55D7A3DFAD}.Release|x86.ActiveCfg = Release|Win32
		{56F382D7-8FC8-4152-B978-AF55D7A3DFAD}.Release|x86.Build.0 = Release|Win32
		{02EE915B-88A9-4708-B8CF-62C9EA17F4AA}.Debug|x64.ActiveCfg = Debug|x64
		{02EE915B-88A9-4708-B8CF-62C9EA17F4AA}.Debug|x64.Build.0 = Debug|x64
		{02EE915B-88A9-4708-B8CF-62C9EA17F4AA}.Debug|x86.ActiveCfg = Debug|Win32
		{02EE915B-88A9-4708-B8CF-62C9EA17F4AA}.Debug|x86.Build.0 = Debug|Win32
		{02EE915B-88A9-4708-B8CF-62C9EA17F4AA}.Release|x64.ActiveCfg = Release|x64
		{02EE915B-88A9-4708-B8CF-62C9EA17F4AA}.Release|x64.Build.0 = Release|x64
		{02EE915B-88A9-4708-B8CF-62C9EA17F4AA}.Release|x86.ActiveCfg = Release|Win32
		{02EE915B-88A9-4708-B8CF-62C9EA17F4AA}.Release|x86.Build.0 = Release|Win32
		{3E5767A4-DC01-41FA-A02E-A573498E1AE7}.Debug|x64.ActiveCfg = Debug|x64
		{3E5767A4-DC01-41FA-A02E-A573498E1AE7}.Debug|x64.Build.0 = Debug|x64
		{3E5767A4-DC01-41FA-A02E-A573498E1AE7}.Debug|x86.ActiveCfg = Debug|Win32
		{3E5767A4-DC01-41FA-A02E-A573498E1AE7}.Debug|x86.Build.0 = Debug|Win32
		{3E5767A4-DC01-41FA-A02E-A573498E1AE7}.Release|x64.ActiveCfg = Release|x64
		{3E5767A4-DC01-41FA-A02E-A573498E1AE7}.Release|x64.Build.0 = Release|x64
		{3E5767A4-DC01-41FA-A02E-A573498E1AE7}.Release|x86.ActiveCfg = Release|Win32
		{3E5767A4-DC01-41FA-A02E-A573498E1AE7}.Release|x86.Build.0 = Release|Win32
		{415D5244-C424-406F-98F8-E99AB63E434C}.Debug|x64.ActiveCfg = Debug|x64
		{415D5244-C424-406F-98F8-E99AB63E434C}.Debug|x64.Build.0 = Debug|x64
		{415D5244-C424-406F-98F8-E99AB63E434C}.Debug|x86.ActiveCfg = Debug|Win32
		{415D5244-C424-406F-98F8-E99AB63E434C}.Debug|x86.Build.0 = Debug|Win32
		{415D5244-C424-406F-98F8-E99AB63E434C}.Release|x64.ActiveCfg = Release|x64
		{415D5244-C424-406F-98F8-E99AB63E434C}.Release|x64.Build.0 = Release|x64
		{415D5244-C424-406F-98F8-E99AB63E434C}.Release|x86.ActiveCfg = Release|Win32
		{415D5244-C424-406F-98F8-E99AB63E434C}.Release|x86.Build.0 = Release|Win32
		{FBCE6549-00F8-4338-B26C-C00AA4D1CAA0}.Debug|x64.ActiveCfg = Debug|x64
		{FBCE6549-00F8-4338-B26C-C00AA4D1CAA0}.Debug|x64.Build.0 = Debug|x64
		{FBCE6549-00F8-4338-B26C-C00AA4D1CAA0}.Debug|x86.ActiveCfg = Debug|Win32
		{FBCE6549-00F8-4338-B26C-C00AA4D1CAA0}.Debug|x86.Build.0 = Debug|Win32
		{FBCE6549-00F8-4338-B26C-C00AA4D1CAA0}.Release|x64.ActiveCfg = Release|x64
		{FBCE6549-00F8-4338-B26C-C00AA4D1CAA0}.Release|x64.Build.0 = Release|x64
		{FBCE6549-00F8-4338-B26C-C00AA4D1CAA0}.Release|x86.ActiveCfg = Release|Win32
		{FBCE6549-00F8-4338-B26C-C00AA4D1CAA0}.Release|x86.Build.0 = Release|Win32
	EndGlobalSection
	GlobalSection(SolutionProperties) = preSolution
		HideSolutionNode = FALSE
	EndGlobalSection
	GlobalSection(ExtensibilityGlobals) = postSolution
		SolutionGuid = {2F441DB6-18A4-4456-A01E-ABCA6207FA17}
	EndGlobalSection
EndGlobal
